
Microsoft Visual Studio Solution File, Format Version 12.00
# Visual Studio Version 17
VisualStudioVersion = 17.5.002.0
MinimumVisualStudioVersion = 10.0.40219.1
Project("{9A19103F-16F7-4668-BE54-9A1E7A4F7556}") = "Vogal", "Vogal.csproj", "{E2955717-8C26-4EAD-9FB1-46EF12A30A6F}"
EndProject
Global
	GlobalSection(SolutionConfigurationPlatforms) = preSolution
		Debug|Any CPU = Debug|Any CPU
		Release|Any CPU = Release|Any CPU
	EndGlobalSection
	GlobalSection(ProjectConfigurationPlatforms) = postSolution
		{E2955717-8C26-4EAD-9FB1-46EF12A30A6F}.Debug|Any CPU.ActiveCfg = Debug|Any CPU
		{E2955717-8C26-4EAD-9FB1-46EF12A30A6F}.Debug|Any CPU.Build.0 = Debug|Any CPU
		{E2955717-8C26-4EAD-9FB1-46EF12A30A6F}.Release|Any CPU.ActiveCfg = Release|Any CPU
		{E2955717-8C26-4EAD-9FB1-46EF12A30A6F}.Release|Any CPU.Build.0 = Release|Any CPU
	EndGlobalSection
	GlobalSection(SolutionProperties) = preSolution
		HideSolutionNode = FALSE
	EndGlobalSection
	GlobalSection(ExtensibilityGlobals) = postSolution
		SolutionGuid = {CF7D98CF-93DC-4321-ABF2-D685E6145EFA}
	EndGlobalSection
EndGlobal
